// !$*UTF8*$!
{
	archiveVersion = 1;
	classes = {
	};
	objectVersion = 46;
	objects = {

/* Begin PBXBuildFile section */
		272D2A3A887D5D91381445D7 /* Pods_SuperTaxiUITests.framework in Frameworks */ = {isa = PBXBuildFile; fileRef = 8B6A37D9CB12FB2F5F3DDE01 /* Pods_SuperTaxiUITests.framework */; };
		7696880E1D368FDB00F360BE /* UserLoginModel.swift in Sources */ = {isa = PBXBuildFile; fileRef = 7696880D1D368FDB00F360BE /* UserLoginModel.swift */; };
		769688101D36911F00F360BE /* UserDataModel.swift in Sources */ = {isa = PBXBuildFile; fileRef = 7696880F1D36911F00F360BE /* UserDataModel.swift */; };
		769688121D36926C00F360BE /* UserModel.swift in Sources */ = {isa = PBXBuildFile; fileRef = 769688111D36926C00F360BE /* UserModel.swift */; };
		76A2131B1D477EE2006AD36A /* GetOrderResponseModel.swift in Sources */ = {isa = PBXBuildFile; fileRef = 76A2131A1D477EE2006AD36A /* GetOrderResponseModel.swift */; };
		76A2131D1D477F4D006AD36A /* GetOrderModel.swift in Sources */ = {isa = PBXBuildFile; fileRef = 76A2131C1D477F4D006AD36A /* GetOrderModel.swift */; };
		76EFDD941D3785DB00EC5109 /* SignUpViewController.swift in Sources */ = {isa = PBXBuildFile; fileRef = 76EFDD931D3785DB00EC5109 /* SignUpViewController.swift */; };
		76F0CF221D3D1F6C0034AF05 /* Main.storyboard in Resources */ = {isa = PBXBuildFile; fileRef = 76F0CF201D3D1F6C0034AF05 /* Main.storyboard */; };
		76F12C881D46203500C1E95D /* UserInfoModel.swift in Sources */ = {isa = PBXBuildFile; fileRef = 76F12C871D46203500C1E95D /* UserInfoModel.swift */; };
		76F12C8C1D46243000C1E95D /* DriverInfoModel.swift in Sources */ = {isa = PBXBuildFile; fileRef = 76F12C8B1D46243000C1E95D /* DriverInfoModel.swift */; };
		76F12C8E1D463BB600C1E95D /* DriverAnnotation.swift in Sources */ = {isa = PBXBuildFile; fileRef = 76F12C8D1D463BB600C1E95D /* DriverAnnotation.swift */; };
		76F12C901D464C2500C1E95D /* DriversListResponseModel.swift in Sources */ = {isa = PBXBuildFile; fileRef = 76F12C8F1D464C2500C1E95D /* DriversListResponseModel.swift */; };
		76F12C921D464C7C00C1E95D /* DriversListDataModel.swift in Sources */ = {isa = PBXBuildFile; fileRef = 76F12C911D464C7C00C1E95D /* DriversListDataModel.swift */; };
		76F44ED91D40FF0000CC9D57 /* OrderModel.swift in Sources */ = {isa = PBXBuildFile; fileRef = 76F44ED81D40FEFF00CC9D57 /* OrderModel.swift */; };
		76F44EDD1D41008A00CC9D57 /* AddressModel.swift in Sources */ = {isa = PBXBuildFile; fileRef = 76F44EDC1D41008A00CC9D57 /* AddressModel.swift */; };
		76F44EDF1D41034000CC9D57 /* OrderResponseModel.swift in Sources */ = {isa = PBXBuildFile; fileRef = 76F44EDE1D41034000CC9D57 /* OrderResponseModel.swift */; };
		76F579BE1D520A26002417EB /* UserAnnotation.swift in Sources */ = {isa = PBXBuildFile; fileRef = 76F579BD1D520A26002417EB /* UserAnnotation.swift */; };
		76F7A6211D36548300C81B51 /* Tools.swift in Sources */ = {isa = PBXBuildFile; fileRef = 76F7A6201D36548300C81B51 /* Tools.swift */; };
		76F7A6241D367AA300C81B51 /* BaseModel.swift in Sources */ = {isa = PBXBuildFile; fileRef = 76F7A6231D367AA300C81B51 /* BaseModel.swift */; };
		76F7A6271D367EDF00C81B51 /* ApiManager.swift in Sources */ = {isa = PBXBuildFile; fileRef = 76F7A6261D367EDF00C81B51 /* ApiManager.swift */; };
		76F7A6291D36813500C81B51 /* Constants.swift in Sources */ = {isa = PBXBuildFile; fileRef = 76F7A6281D36813500C81B51 /* Constants.swift */; };
		836D862676DFA9953EB10413 /* Pods_SuperTaxi.framework in Frameworks */ = {isa = PBXBuildFile; fileRef = 01798284D2602AAD29ABC078 /* Pods_SuperTaxi.framework */; };
		C33289A21D1D9E5000EDF3DA /* TaxiRequestFromUserViewController.swift in Sources */ = {isa = PBXBuildFile; fileRef = C33289A11D1D9E5000EDF3DA /* TaxiRequestFromUserViewController.swift */; };
		C33289A41D1D9EF600EDF3DA /* TaxiUserLocationViewController.swift in Sources */ = {isa = PBXBuildFile; fileRef = C33289A31D1D9EF600EDF3DA /* TaxiUserLocationViewController.swift */; };
		C33289A61D1D9F3A00EDF3DA /* UserRequestReceivedViewController.swift in Sources */ = {isa = PBXBuildFile; fileRef = C33289A51D1D9F3A00EDF3DA /* UserRequestReceivedViewController.swift */; };
		C33289A81D1D9F9300EDF3DA /* UserLongPressViewController.swift in Sources */ = {isa = PBXBuildFile; fileRef = C33289A71D1D9F9300EDF3DA /* UserLongPressViewController.swift */; };
		C35433881D1C4B1200DD56B4 /* LoginViewController.swift in Sources */ = {isa = PBXBuildFile; fileRef = C35433871D1C4B1200DD56B4 /* LoginViewController.swift */; };
		C354338A1D1C4B3C00DD56B4 /* SelectProfileViewController.swift in Sources */ = {isa = PBXBuildFile; fileRef = C35433891D1C4B3C00DD56B4 /* SelectProfileViewController.swift */; };
		C354338C1D1C4B5700DD56B4 /* CreatingUserProfileViewController.swift in Sources */ = {isa = PBXBuildFile; fileRef = C354338B1D1C4B5700DD56B4 /* CreatingUserProfileViewController.swift */; };
		C354338E1D1C4B6600DD56B4 /* UserHomeViewController.swift in Sources */ = {isa = PBXBuildFile; fileRef = C354338D1D1C4B6600DD56B4 /* UserHomeViewController.swift */; };
		C35433901D1C4B9500DD56B4 /* TaxiCreateProfileViewController.swift in Sources */ = {isa = PBXBuildFile; fileRef = C354338F1D1C4B9500DD56B4 /* TaxiCreateProfileViewController.swift */; };
		C35433921D1C4BA700DD56B4 /* TaxiProfileMapViewController.swift in Sources */ = {isa = PBXBuildFile; fileRef = C35433911D1C4BA700DD56B4 /* TaxiProfileMapViewController.swift */; };
		C35433A61D1C6C3A00DD56B4 /* MenuViewController.swift in Sources */ = {isa = PBXBuildFile; fileRef = C35433A51D1C6C3A00DD56B4 /* MenuViewController.swift */; };
		C35433F71D1D6A4100DD56B4 /* SettingsViewController.swift in Sources */ = {isa = PBXBuildFile; fileRef = C35433F61D1D6A4100DD56B4 /* SettingsViewController.swift */; };
		C366E7391D33410A0010BCCB /* GoogleService-Info.plist in Resources */ = {isa = PBXBuildFile; fileRef = C366E7381D33410A0010BCCB /* GoogleService-Info.plist */; };
		C3B24ADB1D1C236F00508611 /* AppDelegate.swift in Sources */ = {isa = PBXBuildFile; fileRef = C3B24ADA1D1C236F00508611 /* AppDelegate.swift */; };
		C3B24AE21D1C236F00508611 /* Assets.xcassets in Resources */ = {isa = PBXBuildFile; fileRef = C3B24AE11D1C236F00508611 /* Assets.xcassets */; };
		C3B24AE51D1C236F00508611 /* LaunchScreen.storyboard in Resources */ = {isa = PBXBuildFile; fileRef = C3B24AE31D1C236F00508611 /* LaunchScreen.storyboard */; };
		C3B24AF01D1C236F00508611 /* SuperTaxiTests.swift in Sources */ = {isa = PBXBuildFile; fileRef = C3B24AEF1D1C236F00508611 /* SuperTaxiTests.swift */; };
		C3B24AFB1D1C236F00508611 /* SuperTaxiUITests.swift in Sources */ = {isa = PBXBuildFile; fileRef = C3B24AFA1D1C236F00508611 /* SuperTaxiUITests.swift */; };
		C3C176291D1F234100D37B70 /* ForgotPasswordViewController.swift in Sources */ = {isa = PBXBuildFile; fileRef = C3C176281D1F234100D37B70 /* ForgotPasswordViewController.swift */; };
		C3C1762B1D1F259100D37B70 /* EnterNewPasswordViewController.swift in Sources */ = {isa = PBXBuildFile; fileRef = C3C1762A1D1F259100D37B70 /* EnterNewPasswordViewController.swift */; };
		FF44146556704325297CAE93 /* Pods_SuperTaxiTests.framework in Frameworks */ = {isa = PBXBuildFile; fileRef = 69D38736789C7C467B402AAA /* Pods_SuperTaxiTests.framework */; };
/* End PBXBuildFile section */

/* Begin PBXContainerItemProxy section */
		C3B24AEC1D1C236F00508611 /* PBXContainerItemProxy */ = {
			isa = PBXContainerItemProxy;
			containerPortal = C3B24ACF1D1C236F00508611 /* Project object */;
			proxyType = 1;
			remoteGlobalIDString = C3B24AD61D1C236F00508611;
			remoteInfo = SuperTaxi;
		};
		C3B24AF71D1C236F00508611 /* PBXContainerItemProxy */ = {
			isa = PBXContainerItemProxy;
			containerPortal = C3B24ACF1D1C236F00508611 /* Project object */;
			proxyType = 1;
			remoteGlobalIDString = C3B24AD61D1C236F00508611;
			remoteInfo = SuperTaxi;
		};
/* End PBXContainerItemProxy section */

/* Begin PBXFileReference section */
		01798284D2602AAD29ABC078 /* Pods_SuperTaxi.framework */ = {isa = PBXFileReference; explicitFileType = wrapper.framework; includeInIndex = 0; path = Pods_SuperTaxi.framework; sourceTree = BUILT_PRODUCTS_DIR; };
		0DA3D5EFE097F90F8F3E688D /* Pods-SuperTaxiTests.release.xcconfig */ = {isa = PBXFileReference; includeInIndex = 1; lastKnownFileType = text.xcconfig; name = "Pods-SuperTaxiTests.release.xcconfig"; path = "Pods/Target Support Files/Pods-SuperTaxiTests/Pods-SuperTaxiTests.release.xcconfig"; sourceTree = "<group>"; };
		5C72AFE959EEA0F8B239E2AE /* Pods-SuperTaxi.release.xcconfig */ = {isa = PBXFileReference; includeInIndex = 1; lastKnownFileType = text.xcconfig; name = "Pods-SuperTaxi.release.xcconfig"; path = "Pods/Target Support Files/Pods-SuperTaxi/Pods-SuperTaxi.release.xcconfig"; sourceTree = "<group>"; };
		62D185447F57D06489E6BD8C /* Pods-SuperTaxi.debug.xcconfig */ = {isa = PBXFileReference; includeInIndex = 1; lastKnownFileType = text.xcconfig; name = "Pods-SuperTaxi.debug.xcconfig"; path = "Pods/Target Support Files/Pods-SuperTaxi/Pods-SuperTaxi.debug.xcconfig"; sourceTree = "<group>"; };
		69D38736789C7C467B402AAA /* Pods_SuperTaxiTests.framework */ = {isa = PBXFileReference; explicitFileType = wrapper.framework; includeInIndex = 0; path = Pods_SuperTaxiTests.framework; sourceTree = BUILT_PRODUCTS_DIR; };
		7696880D1D368FDB00F360BE /* UserLoginModel.swift */ = {isa = PBXFileReference; fileEncoding = 4; lastKnownFileType = sourcecode.swift; path = UserLoginModel.swift; sourceTree = "<group>"; };
		7696880F1D36911F00F360BE /* UserDataModel.swift */ = {isa = PBXFileReference; fileEncoding = 4; lastKnownFileType = sourcecode.swift; path = UserDataModel.swift; sourceTree = "<group>"; };
		769688111D36926C00F360BE /* UserModel.swift */ = {isa = PBXFileReference; fileEncoding = 4; lastKnownFileType = sourcecode.swift; path = UserModel.swift; sourceTree = "<group>"; };
		76A2131A1D477EE2006AD36A /* GetOrderResponseModel.swift */ = {isa = PBXFileReference; fileEncoding = 4; lastKnownFileType = sourcecode.swift; path = GetOrderResponseModel.swift; sourceTree = "<group>"; };
		76A2131C1D477F4D006AD36A /* GetOrderModel.swift */ = {isa = PBXFileReference; fileEncoding = 4; lastKnownFileType = sourcecode.swift; path = GetOrderModel.swift; sourceTree = "<group>"; };
		76EFDD931D3785DB00EC5109 /* SignUpViewController.swift */ = {isa = PBXFileReference; fileEncoding = 4; lastKnownFileType = sourcecode.swift; path = SignUpViewController.swift; sourceTree = "<group>"; };
		76F0CF211D3D1F6C0034AF05 /* Base */ = {isa = PBXFileReference; lastKnownFileType = file.storyboard; name = Base; path = Base.lproj/Main.storyboard; sourceTree = "<group>"; };
		76F12C871D46203500C1E95D /* UserInfoModel.swift */ = {isa = PBXFileReference; fileEncoding = 4; lastKnownFileType = sourcecode.swift; path = UserInfoModel.swift; sourceTree = "<group>"; };
		76F12C8B1D46243000C1E95D /* DriverInfoModel.swift */ = {isa = PBXFileReference; fileEncoding = 4; lastKnownFileType = sourcecode.swift; path = DriverInfoModel.swift; sourceTree = "<group>"; };
		76F12C8D1D463BB600C1E95D /* DriverAnnotation.swift */ = {isa = PBXFileReference; fileEncoding = 4; lastKnownFileType = sourcecode.swift; path = DriverAnnotation.swift; sourceTree = "<group>"; };
		76F12C8F1D464C2500C1E95D /* DriversListResponseModel.swift */ = {isa = PBXFileReference; fileEncoding = 4; lastKnownFileType = sourcecode.swift; path = DriversListResponseModel.swift; sourceTree = "<group>"; };
		76F12C911D464C7C00C1E95D /* DriversListDataModel.swift */ = {isa = PBXFileReference; fileEncoding = 4; lastKnownFileType = sourcecode.swift; path = DriversListDataModel.swift; sourceTree = "<group>"; };
		76F44ED81D40FEFF00CC9D57 /* OrderModel.swift */ = {isa = PBXFileReference; fileEncoding = 4; lastKnownFileType = sourcecode.swift; path = OrderModel.swift; sourceTree = "<group>"; };
		76F44EDC1D41008A00CC9D57 /* AddressModel.swift */ = {isa = PBXFileReference; fileEncoding = 4; lastKnownFileType = sourcecode.swift; path = AddressModel.swift; sourceTree = "<group>"; };
		76F44EDE1D41034000CC9D57 /* OrderResponseModel.swift */ = {isa = PBXFileReference; fileEncoding = 4; lastKnownFileType = sourcecode.swift; path = OrderResponseModel.swift; sourceTree = "<group>"; };
		76F579BD1D520A26002417EB /* UserAnnotation.swift */ = {isa = PBXFileReference; fileEncoding = 4; lastKnownFileType = sourcecode.swift; path = UserAnnotation.swift; sourceTree = "<group>"; };
		76F7A6201D36548300C81B51 /* Tools.swift */ = {isa = PBXFileReference; fileEncoding = 4; lastKnownFileType = sourcecode.swift; path = Tools.swift; sourceTree = "<group>"; };
		76F7A6231D367AA300C81B51 /* BaseModel.swift */ = {isa = PBXFileReference; fileEncoding = 4; lastKnownFileType = sourcecode.swift; path = BaseModel.swift; sourceTree = "<group>"; };
		76F7A6261D367EDF00C81B51 /* ApiManager.swift */ = {isa = PBXFileReference; fileEncoding = 4; lastKnownFileType = sourcecode.swift; path = ApiManager.swift; sourceTree = "<group>"; };
		76F7A6281D36813500C81B51 /* Constants.swift */ = {isa = PBXFileReference; fileEncoding = 4; lastKnownFileType = sourcecode.swift; path = Constants.swift; sourceTree = "<group>"; };
		8B6A37D9CB12FB2F5F3DDE01 /* Pods_SuperTaxiUITests.framework */ = {isa = PBXFileReference; explicitFileType = wrapper.framework; includeInIndex = 0; path = Pods_SuperTaxiUITests.framework; sourceTree = BUILT_PRODUCTS_DIR; };
		B4304338D1CE0F72FC2A1EF8 /* Pods-SuperTaxiUITests.release.xcconfig */ = {isa = PBXFileReference; includeInIndex = 1; lastKnownFileType = text.xcconfig; name = "Pods-SuperTaxiUITests.release.xcconfig"; path = "Pods/Target Support Files/Pods-SuperTaxiUITests/Pods-SuperTaxiUITests.release.xcconfig"; sourceTree = "<group>"; };
		C33289A11D1D9E5000EDF3DA /* TaxiRequestFromUserViewController.swift */ = {isa = PBXFileReference; fileEncoding = 4; lastKnownFileType = sourcecode.swift; path = TaxiRequestFromUserViewController.swift; sourceTree = "<group>"; };
		C33289A31D1D9EF600EDF3DA /* TaxiUserLocationViewController.swift */ = {isa = PBXFileReference; fileEncoding = 4; lastKnownFileType = sourcecode.swift; path = TaxiUserLocationViewController.swift; sourceTree = "<group>"; };
		C33289A51D1D9F3A00EDF3DA /* UserRequestReceivedViewController.swift */ = {isa = PBXFileReference; fileEncoding = 4; lastKnownFileType = sourcecode.swift; path = UserRequestReceivedViewController.swift; sourceTree = "<group>"; };
		C33289A71D1D9F9300EDF3DA /* UserLongPressViewController.swift */ = {isa = PBXFileReference; fileEncoding = 4; lastKnownFileType = sourcecode.swift; path = UserLongPressViewController.swift; sourceTree = "<group>"; };
		C354335A1D1C4A1E00DD56B4 /* SuperTaxi-Bridging-Header.h */ = {isa = PBXFileReference; lastKnownFileType = sourcecode.c.h; path = "SuperTaxi-Bridging-Header.h"; sourceTree = "<group>"; };
		C35433871D1C4B1200DD56B4 /* LoginViewController.swift */ = {isa = PBXFileReference; fileEncoding = 4; lastKnownFileType = sourcecode.swift; path = LoginViewController.swift; sourceTree = "<group>"; };
		C35433891D1C4B3C00DD56B4 /* SelectProfileViewController.swift */ = {isa = PBXFileReference; fileEncoding = 4; lastKnownFileType = sourcecode.swift; path = SelectProfileViewController.swift; sourceTree = "<group>"; };
		C354338B1D1C4B5700DD56B4 /* CreatingUserProfileViewController.swift */ = {isa = PBXFileReference; fileEncoding = 4; lastKnownFileType = sourcecode.swift; path = CreatingUserProfileViewController.swift; sourceTree = "<group>"; };
		C354338D1D1C4B6600DD56B4 /* UserHomeViewController.swift */ = {isa = PBXFileReference; fileEncoding = 4; lastKnownFileType = sourcecode.swift; path = UserHomeViewController.swift; sourceTree = "<group>"; };
		C354338F1D1C4B9500DD56B4 /* TaxiCreateProfileViewController.swift */ = {isa = PBXFileReference; fileEncoding = 4; lastKnownFileType = sourcecode.swift; path = TaxiCreateProfileViewController.swift; sourceTree = "<group>"; };
		C35433911D1C4BA700DD56B4 /* TaxiProfileMapViewController.swift */ = {isa = PBXFileReference; fileEncoding = 4; lastKnownFileType = sourcecode.swift; path = TaxiProfileMapViewController.swift; sourceTree = "<group>"; };
		C35433A51D1C6C3A00DD56B4 /* MenuViewController.swift */ = {isa = PBXFileReference; fileEncoding = 4; lastKnownFileType = sourcecode.swift; path = MenuViewController.swift; sourceTree = "<group>"; };
		C35433F61D1D6A4100DD56B4 /* SettingsViewController.swift */ = {isa = PBXFileReference; fileEncoding = 4; lastKnownFileType = sourcecode.swift; path = SettingsViewController.swift; sourceTree = "<group>"; };
		C366E7381D33410A0010BCCB /* GoogleService-Info.plist */ = {isa = PBXFileReference; fileEncoding = 4; lastKnownFileType = text.plist.xml; path = "GoogleService-Info.plist"; sourceTree = "<group>"; };
		C3B24AD71D1C236F00508611 /* SuperTaxi.app */ = {isa = PBXFileReference; explicitFileType = wrapper.application; includeInIndex = 0; path = SuperTaxi.app; sourceTree = BUILT_PRODUCTS_DIR; };
		C3B24ADA1D1C236F00508611 /* AppDelegate.swift */ = {isa = PBXFileReference; lastKnownFileType = sourcecode.swift; path = AppDelegate.swift; sourceTree = "<group>"; };
		C3B24AE11D1C236F00508611 /* Assets.xcassets */ = {isa = PBXFileReference; lastKnownFileType = folder.assetcatalog; path = Assets.xcassets; sourceTree = "<group>"; };
		C3B24AE41D1C236F00508611 /* Base */ = {isa = PBXFileReference; lastKnownFileType = file.storyboard; name = Base; path = Base.lproj/LaunchScreen.storyboard; sourceTree = "<group>"; };
		C3B24AE61D1C236F00508611 /* Info.plist */ = {isa = PBXFileReference; lastKnownFileType = text.plist.xml; path = Info.plist; sourceTree = "<group>"; };
		C3B24AEB1D1C236F00508611 /* SuperTaxiTests.xctest */ = {isa = PBXFileReference; explicitFileType = wrapper.cfbundle; includeInIndex = 0; path = SuperTaxiTests.xctest; sourceTree = BUILT_PRODUCTS_DIR; };
		C3B24AEF1D1C236F00508611 /* SuperTaxiTests.swift */ = {isa = PBXFileReference; lastKnownFileType = sourcecode.swift; path = SuperTaxiTests.swift; sourceTree = "<group>"; };
		C3B24AF11D1C236F00508611 /* Info.plist */ = {isa = PBXFileReference; lastKnownFileType = text.plist.xml; path = Info.plist; sourceTree = "<group>"; };
		C3B24AF61D1C236F00508611 /* SuperTaxiUITests.xctest */ = {isa = PBXFileReference; explicitFileType = wrapper.cfbundle; includeInIndex = 0; path = SuperTaxiUITests.xctest; sourceTree = BUILT_PRODUCTS_DIR; };
		C3B24AFA1D1C236F00508611 /* SuperTaxiUITests.swift */ = {isa = PBXFileReference; lastKnownFileType = sourcecode.swift; path = SuperTaxiUITests.swift; sourceTree = "<group>"; };
		C3B24AFC1D1C236F00508611 /* Info.plist */ = {isa = PBXFileReference; lastKnownFileType = text.plist.xml; path = Info.plist; sourceTree = "<group>"; };
		C3C176281D1F234100D37B70 /* ForgotPasswordViewController.swift */ = {isa = PBXFileReference; fileEncoding = 4; lastKnownFileType = sourcecode.swift; path = ForgotPasswordViewController.swift; sourceTree = "<group>"; };
		C3C1762A1D1F259100D37B70 /* EnterNewPasswordViewController.swift */ = {isa = PBXFileReference; fileEncoding = 4; lastKnownFileType = sourcecode.swift; path = EnterNewPasswordViewController.swift; sourceTree = "<group>"; };
		FEE284D4F299D0E8E44CB379 /* Pods-SuperTaxiUITests.debug.xcconfig */ = {isa = PBXFileReference; includeInIndex = 1; lastKnownFileType = text.xcconfig; name = "Pods-SuperTaxiUITests.debug.xcconfig"; path = "Pods/Target Support Files/Pods-SuperTaxiUITests/Pods-SuperTaxiUITests.debug.xcconfig"; sourceTree = "<group>"; };
		FF1B3B9B52B1615C0C673E64 /* Pods-SuperTaxiTests.debug.xcconfig */ = {isa = PBXFileReference; includeInIndex = 1; lastKnownFileType = text.xcconfig; name = "Pods-SuperTaxiTests.debug.xcconfig"; path = "Pods/Target Support Files/Pods-SuperTaxiTests/Pods-SuperTaxiTests.debug.xcconfig"; sourceTree = "<group>"; };
/* End PBXFileReference section */

/* Begin PBXFrameworksBuildPhase section */
		C3B24AD41D1C236F00508611 /* Frameworks */ = {
			isa = PBXFrameworksBuildPhase;
			buildActionMask = 2147483647;
			files = (
				836D862676DFA9953EB10413 /* Pods_SuperTaxi.framework in Frameworks */,
			);
			runOnlyForDeploymentPostprocessing = 0;
		};
		C3B24AE81D1C236F00508611 /* Frameworks */ = {
			isa = PBXFrameworksBuildPhase;
			buildActionMask = 2147483647;
			files = (
				FF44146556704325297CAE93 /* Pods_SuperTaxiTests.framework in Frameworks */,
			);
			runOnlyForDeploymentPostprocessing = 0;
		};
		C3B24AF31D1C236F00508611 /* Frameworks */ = {
			isa = PBXFrameworksBuildPhase;
			buildActionMask = 2147483647;
			files = (
				272D2A3A887D5D91381445D7 /* Pods_SuperTaxiUITests.framework in Frameworks */,
			);
			runOnlyForDeploymentPostprocessing = 0;
		};
/* End PBXFrameworksBuildPhase section */

/* Begin PBXGroup section */
		76F7A61F1D36547100C81B51 /* Tools */ = {
			isa = PBXGroup;
			children = (
				76F7A6201D36548300C81B51 /* Tools.swift */,
				76F7A6281D36813500C81B51 /* Constants.swift */,
				76F12C8D1D463BB600C1E95D /* DriverAnnotation.swift */,
				76F579BD1D520A26002417EB /* UserAnnotation.swift */,
			);
			path = Tools;
			sourceTree = "<group>";
		};
		76F7A6221D367A9500C81B51 /* Models */ = {
			isa = PBXGroup;
			children = (
				76F7A6231D367AA300C81B51 /* BaseModel.swift */,
				7696880D1D368FDB00F360BE /* UserLoginModel.swift */,
				7696880F1D36911F00F360BE /* UserDataModel.swift */,
				769688111D36926C00F360BE /* UserModel.swift */,
				76F44ED81D40FEFF00CC9D57 /* OrderModel.swift */,
				76F44EDC1D41008A00CC9D57 /* AddressModel.swift */,
				76F44EDE1D41034000CC9D57 /* OrderResponseModel.swift */,
				76F12C871D46203500C1E95D /* UserInfoModel.swift */,
				76F12C8B1D46243000C1E95D /* DriverInfoModel.swift */,
				76F12C8F1D464C2500C1E95D /* DriversListResponseModel.swift */,
				76F12C911D464C7C00C1E95D /* DriversListDataModel.swift */,
				76A2131A1D477EE2006AD36A /* GetOrderResponseModel.swift */,
				76A2131C1D477F4D006AD36A /* GetOrderModel.swift */,
			);
			path = Models;
			sourceTree = "<group>";
		};
		76F7A6251D367ECE00C81B51 /* Networking */ = {
			isa = PBXGroup;
			children = (
				76F7A6261D367EDF00C81B51 /* ApiManager.swift */,
			);
			path = Networking;
			sourceTree = "<group>";
		};
		92506C6DB64942DF4324C265 /* Pods */ = {
			isa = PBXGroup;
			children = (
				62D185447F57D06489E6BD8C /* Pods-SuperTaxi.debug.xcconfig */,
				5C72AFE959EEA0F8B239E2AE /* Pods-SuperTaxi.release.xcconfig */,
				FF1B3B9B52B1615C0C673E64 /* Pods-SuperTaxiTests.debug.xcconfig */,
				0DA3D5EFE097F90F8F3E688D /* Pods-SuperTaxiTests.release.xcconfig */,
				FEE284D4F299D0E8E44CB379 /* Pods-SuperTaxiUITests.debug.xcconfig */,
				B4304338D1CE0F72FC2A1EF8 /* Pods-SuperTaxiUITests.release.xcconfig */,
			);
			name = Pods;
			sourceTree = "<group>";
		};
		C354334E1D1C48AC00DD56B4 /* AppDelegate */ = {
			isa = PBXGroup;
			children = (
				C3B24ADA1D1C236F00508611 /* AppDelegate.swift */,
			);
			name = AppDelegate;
			sourceTree = "<group>";
		};
		C3B24ACE1D1C236F00508611 = {
			isa = PBXGroup;
			children = (
				C3B24AD91D1C236F00508611 /* SuperTaxi */,
				C3B24AEE1D1C236F00508611 /* SuperTaxiTests */,
				C3B24AF91D1C236F00508611 /* SuperTaxiUITests */,
				C3B24AD81D1C236F00508611 /* Products */,
				92506C6DB64942DF4324C265 /* Pods */,
				C6BEC74D673A06045713227F /* Frameworks */,
			);
			sourceTree = "<group>";
		};
		C3B24AD81D1C236F00508611 /* Products */ = {
			isa = PBXGroup;
			children = (
				C3B24AD71D1C236F00508611 /* SuperTaxi.app */,
				C3B24AEB1D1C236F00508611 /* SuperTaxiTests.xctest */,
				C3B24AF61D1C236F00508611 /* SuperTaxiUITests.xctest */,
			);
			name = Products;
			sourceTree = "<group>";
		};
		C3B24AD91D1C236F00508611 /* SuperTaxi */ = {
			isa = PBXGroup;
			children = (
				C354335A1D1C4A1E00DD56B4 /* SuperTaxi-Bridging-Header.h */,
				C366E7381D33410A0010BCCB /* GoogleService-Info.plist */,
				C3B24AE61D1C236F00508611 /* Info.plist */,
				C3B24B0A1D1C23A700508611 /* Controllers */,
				76F7A6221D367A9500C81B51 /* Models */,
				76F7A6251D367ECE00C81B51 /* Networking */,
				76F7A61F1D36547100C81B51 /* Tools */,
				C3B24B091D1C23A200508611 /* View */,
			);
			path = SuperTaxi;
			sourceTree = "<group>";
		};
		C3B24AEE1D1C236F00508611 /* SuperTaxiTests */ = {
			isa = PBXGroup;
			children = (
				C3B24AEF1D1C236F00508611 /* SuperTaxiTests.swift */,
				C3B24AF11D1C236F00508611 /* Info.plist */,
			);
			path = SuperTaxiTests;
			sourceTree = "<group>";
		};
		C3B24AF91D1C236F00508611 /* SuperTaxiUITests */ = {
			isa = PBXGroup;
			children = (
				C3B24AFA1D1C236F00508611 /* SuperTaxiUITests.swift */,
				C3B24AFC1D1C236F00508611 /* Info.plist */,
			);
			path = SuperTaxiUITests;
			sourceTree = "<group>";
		};
		C3B24B091D1C23A200508611 /* View */ = {
			isa = PBXGroup;
			children = (
				76F0CF201D3D1F6C0034AF05 /* Main.storyboard */,
				C3B24AE11D1C236F00508611 /* Assets.xcassets */,
				C3B24AE31D1C236F00508611 /* LaunchScreen.storyboard */,
			);
			name = View;
			sourceTree = "<group>";
		};
		C3B24B0A1D1C23A700508611 /* Controllers */ = {
			isa = PBXGroup;
			children = (
				C354334E1D1C48AC00DD56B4 /* AppDelegate */,
				C3B24B0C1D1C23D300508611 /* User */,
				C3B24B0B1D1C23CB00508611 /* TaxiDriver */,
				C35433A51D1C6C3A00DD56B4 /* MenuViewController.swift */,
				C35433871D1C4B1200DD56B4 /* LoginViewController.swift */,
				C35433891D1C4B3C00DD56B4 /* SelectProfileViewController.swift */,
				76EFDD931D3785DB00EC5109 /* SignUpViewController.swift */,
			);
			name = Controllers;
			sourceTree = "<group>";
		};
		C3B24B0B1D1C23CB00508611 /* TaxiDriver */ = {
			isa = PBXGroup;
			children = (
				C354338F1D1C4B9500DD56B4 /* TaxiCreateProfileViewController.swift */,
				C35433911D1C4BA700DD56B4 /* TaxiProfileMapViewController.swift */,
				C33289A11D1D9E5000EDF3DA /* TaxiRequestFromUserViewController.swift */,
				C33289A31D1D9EF600EDF3DA /* TaxiUserLocationViewController.swift */,
			);
			name = TaxiDriver;
			sourceTree = "<group>";
		};
		C3B24B0C1D1C23D300508611 /* User */ = {
			isa = PBXGroup;
			children = (
				C354338B1D1C4B5700DD56B4 /* CreatingUserProfileViewController.swift */,
				C354338D1D1C4B6600DD56B4 /* UserHomeViewController.swift */,
				C35433F61D1D6A4100DD56B4 /* SettingsViewController.swift */,
				C33289A51D1D9F3A00EDF3DA /* UserRequestReceivedViewController.swift */,
				C33289A71D1D9F9300EDF3DA /* UserLongPressViewController.swift */,
				C3C176281D1F234100D37B70 /* ForgotPasswordViewController.swift */,
				C3C1762A1D1F259100D37B70 /* EnterNewPasswordViewController.swift */,
			);
			name = User;
			sourceTree = "<group>";
		};
		C6BEC74D673A06045713227F /* Frameworks */ = {
			isa = PBXGroup;
			children = (
				01798284D2602AAD29ABC078 /* Pods_SuperTaxi.framework */,
				69D38736789C7C467B402AAA /* Pods_SuperTaxiTests.framework */,
				8B6A37D9CB12FB2F5F3DDE01 /* Pods_SuperTaxiUITests.framework */,
			);
			name = Frameworks;
			sourceTree = "<group>";
		};
/* End PBXGroup section */

/* Begin PBXNativeTarget section */
		C3B24AD61D1C236F00508611 /* SuperTaxi */ = {
			isa = PBXNativeTarget;
			buildConfigurationList = C3B24AFF1D1C236F00508611 /* Build configuration list for PBXNativeTarget "SuperTaxi" */;
			buildPhases = (
				489B230B2992E69201EF56EB /* 📦 Check Pods Manifest.lock */,
				C3B24AD31D1C236F00508611 /* Sources */,
				C3B24AD41D1C236F00508611 /* Frameworks */,
				C3B24AD51D1C236F00508611 /* Resources */,
				C366E7311D32A5A10010BCCB /* ShellScript */,
				DD82CE17FC87CB04EE4380A3 /* 📦 Embed Pods Frameworks */,
				E1DDA1D7CC8BA8BE64028207 /* 📦 Copy Pods Resources */,
			);
			buildRules = (
			);
			dependencies = (
			);
			name = SuperTaxi;
			productName = SuperTaxi;
			productReference = C3B24AD71D1C236F00508611 /* SuperTaxi.app */;
			productType = "com.apple.product-type.application";
		};
		C3B24AEA1D1C236F00508611 /* SuperTaxiTests */ = {
			isa = PBXNativeTarget;
			buildConfigurationList = C3B24B021D1C236F00508611 /* Build configuration list for PBXNativeTarget "SuperTaxiTests" */;
			buildPhases = (
				7AB06B342C1850F970106F1D /* 📦 Check Pods Manifest.lock */,
				C3B24AE71D1C236F00508611 /* Sources */,
				C3B24AE81D1C236F00508611 /* Frameworks */,
				C3B24AE91D1C236F00508611 /* Resources */,
				81C63D6FDADC28D36D635C91 /* 📦 Embed Pods Frameworks */,
				82C1C02172948A6239C0F1AB /* 📦 Copy Pods Resources */,
			);
			buildRules = (
			);
			dependencies = (
				C3B24AED1D1C236F00508611 /* PBXTargetDependency */,
			);
			name = SuperTaxiTests;
			productName = SuperTaxiTests;
			productReference = C3B24AEB1D1C236F00508611 /* SuperTaxiTests.xctest */;
			productType = "com.apple.product-type.bundle.unit-test";
		};
		C3B24AF51D1C236F00508611 /* SuperTaxiUITests */ = {
			isa = PBXNativeTarget;
			buildConfigurationList = C3B24B051D1C236F00508611 /* Build configuration list for PBXNativeTarget "SuperTaxiUITests" */;
			buildPhases = (
				396404A2ADF6CB29012974F4 /* 📦 Check Pods Manifest.lock */,
				C3B24AF21D1C236F00508611 /* Sources */,
				C3B24AF31D1C236F00508611 /* Frameworks */,
				C3B24AF41D1C236F00508611 /* Resources */,
				F73613F029FD04646C7203CB /* 📦 Copy Pods Resources */,
			);
			buildRules = (
			);
			dependencies = (
				C3B24AF81D1C236F00508611 /* PBXTargetDependency */,
			);
			name = SuperTaxiUITests;
			productName = SuperTaxiUITests;
			productReference = C3B24AF61D1C236F00508611 /* SuperTaxiUITests.xctest */;
			productType = "com.apple.product-type.bundle.ui-testing";
		};
/* End PBXNativeTarget section */

/* Begin PBXProject section */
		C3B24ACF1D1C236F00508611 /* Project object */ = {
			isa = PBXProject;
			attributes = {
				LastSwiftUpdateCheck = 0730;
				LastUpgradeCheck = 0730;
				ORGANIZATIONNAME = "Jensen Pich";
				TargetAttributes = {
					C3B24AD61D1C236F00508611 = {
						CreatedOnToolsVersion = 7.3;
						DevelopmentTeam = XJXX32P7NP;
					};
					C3B24AEA1D1C236F00508611 = {
						CreatedOnToolsVersion = 7.3;
						TestTargetID = C3B24AD61D1C236F00508611;
					};
					C3B24AF51D1C236F00508611 = {
						CreatedOnToolsVersion = 7.3;
						TestTargetID = C3B24AD61D1C236F00508611;
					};
				};
			};
			buildConfigurationList = C3B24AD21D1C236F00508611 /* Build configuration list for PBXProject "SuperTaxi" */;
			compatibilityVersion = "Xcode 3.2";
			developmentRegion = English;
			hasScannedForEncodings = 0;
			knownRegions = (
				en,
				Base,
			);
			mainGroup = C3B24ACE1D1C236F00508611;
			productRefGroup = C3B24AD81D1C236F00508611 /* Products */;
			projectDirPath = "";
			projectRoot = "";
			targets = (
				C3B24AD61D1C236F00508611 /* SuperTaxi */,
				C3B24AEA1D1C236F00508611 /* SuperTaxiTests */,
				C3B24AF51D1C236F00508611 /* SuperTaxiUITests */,
			);
		};
/* End PBXProject section */

/* Begin PBXResourcesBuildPhase section */
		C3B24AD51D1C236F00508611 /* Resources */ = {
			isa = PBXResourcesBuildPhase;
			buildActionMask = 2147483647;
			files = (
				C366E7391D33410A0010BCCB /* GoogleService-Info.plist in Resources */,
				C3B24AE51D1C236F00508611 /* LaunchScreen.storyboard in Resources */,
				C3B24AE21D1C236F00508611 /* Assets.xcassets in Resources */,
				76F0CF221D3D1F6C0034AF05 /* Main.storyboard in Resources */,
			);
			runOnlyForDeploymentPostprocessing = 0;
		};
		C3B24AE91D1C236F00508611 /* Resources */ = {
			isa = PBXResourcesBuildPhase;
			buildActionMask = 2147483647;
			files = (
			);
			runOnlyForDeploymentPostprocessing = 0;
		};
		C3B24AF41D1C236F00508611 /* Resources */ = {
			isa = PBXResourcesBuildPhase;
			buildActionMask = 2147483647;
			files = (
			);
			runOnlyForDeploymentPostprocessing = 0;
		};
/* End PBXResourcesBuildPhase section */

/* Begin PBXShellScriptBuildPhase section */
		396404A2ADF6CB29012974F4 /* 📦 Check Pods Manifest.lock */ = {
			isa = PBXShellScriptBuildPhase;
			buildActionMask = 2147483647;
			files = (
			);
			inputPaths = (
			);
			name = "📦 Check Pods Manifest.lock";
			outputPaths = (
			);
			runOnlyForDeploymentPostprocessing = 0;
			shellPath = /bin/sh;
			shellScript = "diff \"${PODS_ROOT}/../Podfile.lock\" \"${PODS_ROOT}/Manifest.lock\" > /dev/null\nif [[ $? != 0 ]] ; then\n    cat << EOM\nerror: The sandbox is not in sync with the Podfile.lock. Run 'pod install' or update your CocoaPods installation.\nEOM\n    exit 1\nfi\n";
			showEnvVarsInLog = 0;
		};
		489B230B2992E69201EF56EB /* 📦 Check Pods Manifest.lock */ = {
			isa = PBXShellScriptBuildPhase;
			buildActionMask = 2147483647;
			files = (
			);
			inputPaths = (
			);
			name = "📦 Check Pods Manifest.lock";
			outputPaths = (
			);
			runOnlyForDeploymentPostprocessing = 0;
			shellPath = /bin/sh;
			shellScript = "diff \"${PODS_ROOT}/../Podfile.lock\" \"${PODS_ROOT}/Manifest.lock\" > /dev/null\nif [[ $? != 0 ]] ; then\n    cat << EOM\nerror: The sandbox is not in sync with the Podfile.lock. Run 'pod install' or update your CocoaPods installation.\nEOM\n    exit 1\nfi\n";
			showEnvVarsInLog = 0;
		};
		7AB06B342C1850F970106F1D /* 📦 Check Pods Manifest.lock */ = {
			isa = PBXShellScriptBuildPhase;
			buildActionMask = 2147483647;
			files = (
			);
			inputPaths = (
			);
			name = "📦 Check Pods Manifest.lock";
			outputPaths = (
			);
			runOnlyForDeploymentPostprocessing = 0;
			shellPath = /bin/sh;
			shellScript = "diff \"${PODS_ROOT}/../Podfile.lock\" \"${PODS_ROOT}/Manifest.lock\" > /dev/null\nif [[ $? != 0 ]] ; then\n    cat << EOM\nerror: The sandbox is not in sync with the Podfile.lock. Run 'pod install' or update your CocoaPods installation.\nEOM\n    exit 1\nfi\n";
			showEnvVarsInLog = 0;
		};
		81C63D6FDADC28D36D635C91 /* 📦 Embed Pods Frameworks */ = {
			isa = PBXShellScriptBuildPhase;
			buildActionMask = 2147483647;
			files = (
			);
			inputPaths = (
			);
			name = "📦 Embed Pods Frameworks";
			outputPaths = (
			);
			runOnlyForDeploymentPostprocessing = 0;
			shellPath = /bin/sh;
			shellScript = "\"${SRCROOT}/Pods/Target Support Files/Pods-SuperTaxiTests/Pods-SuperTaxiTests-frameworks.sh\"\n";
			showEnvVarsInLog = 0;
		};
		82C1C02172948A6239C0F1AB /* 📦 Copy Pods Resources */ = {
			isa = PBXShellScriptBuildPhase;
			buildActionMask = 2147483647;
			files = (
			);
			inputPaths = (
			);
			name = "📦 Copy Pods Resources";
			outputPaths = (
			);
			runOnlyForDeploymentPostprocessing = 0;
			shellPath = /bin/sh;
			shellScript = "\"${SRCROOT}/Pods/Target Support Files/Pods-SuperTaxiTests/Pods-SuperTaxiTests-resources.sh\"\n";
			showEnvVarsInLog = 0;
		};
		C366E7311D32A5A10010BCCB /* ShellScript */ = {
			isa = PBXShellScriptBuildPhase;
			buildActionMask = 2147483647;
			files = (
			);
			inputPaths = (
			);
			outputPaths = (
			);
			runOnlyForDeploymentPostprocessing = 0;
			shellPath = /bin/sh;
			shellScript = "";
		};
		DD82CE17FC87CB04EE4380A3 /* 📦 Embed Pods Frameworks */ = {
			isa = PBXShellScriptBuildPhase;
			buildActionMask = 2147483647;
			files = (
			);
			inputPaths = (
			);
			name = "📦 Embed Pods Frameworks";
			outputPaths = (
			);
			runOnlyForDeploymentPostprocessing = 0;
			shellPath = /bin/sh;
			shellScript = "\"${SRCROOT}/Pods/Target Support Files/Pods-SuperTaxi/Pods-SuperTaxi-frameworks.sh\"\n";
			showEnvVarsInLog = 0;
		};
		E1DDA1D7CC8BA8BE64028207 /* 📦 Copy Pods Resources */ = {
			isa = PBXShellScriptBuildPhase;
			buildActionMask = 2147483647;
			files = (
			);
			inputPaths = (
			);
			name = "📦 Copy Pods Resources";
			outputPaths = (
			);
			runOnlyForDeploymentPostprocessing = 0;
			shellPath = /bin/sh;
			shellScript = "\"${SRCROOT}/Pods/Target Support Files/Pods-SuperTaxi/Pods-SuperTaxi-resources.sh\"\n";
			showEnvVarsInLog = 0;
		};
		F73613F029FD04646C7203CB /* 📦 Copy Pods Resources */ = {
			isa = PBXShellScriptBuildPhase;
			buildActionMask = 2147483647;
			files = (
			);
			inputPaths = (
			);
			name = "📦 Copy Pods Resources";
			outputPaths = (
			);
			runOnlyForDeploymentPostprocessing = 0;
			shellPath = /bin/sh;
			shellScript = "\"${SRCROOT}/Pods/Target Support Files/Pods-SuperTaxiUITests/Pods-SuperTaxiUITests-resources.sh\"\n";
			showEnvVarsInLog = 0;
		};
/* End PBXShellScriptBuildPhase section */

/* Begin PBXSourcesBuildPhase section */
		C3B24AD31D1C236F00508611 /* Sources */ = {
			isa = PBXSourcesBuildPhase;
			buildActionMask = 2147483647;
			files = (
				C33289A41D1D9EF600EDF3DA /* TaxiUserLocationViewController.swift in Sources */,
				C354338C1D1C4B5700DD56B4 /* CreatingUserProfileViewController.swift in Sources */,
				C33289A61D1D9F3A00EDF3DA /* UserRequestReceivedViewController.swift in Sources */,
				C35433A61D1C6C3A00DD56B4 /* MenuViewController.swift in Sources */,
				76F12C8E1D463BB600C1E95D /* DriverAnnotation.swift in Sources */,
				76EFDD941D3785DB00EC5109 /* SignUpViewController.swift in Sources */,
				769688101D36911F00F360BE /* UserDataModel.swift in Sources */,
				76F12C901D464C2500C1E95D /* DriversListResponseModel.swift in Sources */,
				C3C176291D1F234100D37B70 /* ForgotPasswordViewController.swift in Sources */,
				C35433921D1C4BA700DD56B4 /* TaxiProfileMapViewController.swift in Sources */,
				7696880E1D368FDB00F360BE /* UserLoginModel.swift in Sources */,
				C354338E1D1C4B6600DD56B4 /* UserHomeViewController.swift in Sources */,
				C3B24ADB1D1C236F00508611 /* AppDelegate.swift in Sources */,
				C35433901D1C4B9500DD56B4 /* TaxiCreateProfileViewController.swift in Sources */,
				76F44EDD1D41008A00CC9D57 /* AddressModel.swift in Sources */,
				769688121D36926C00F360BE /* UserModel.swift in Sources */,
				C33289A21D1D9E5000EDF3DA /* TaxiRequestFromUserViewController.swift in Sources */,
				C3C1762B1D1F259100D37B70 /* EnterNewPasswordViewController.swift in Sources */,
				C354338A1D1C4B3C00DD56B4 /* SelectProfileViewController.swift in Sources */,
				76F12C881D46203500C1E95D /* UserInfoModel.swift in Sources */,
				C33289A81D1D9F9300EDF3DA /* UserLongPressViewController.swift in Sources */,
				76F7A6241D367AA300C81B51 /* BaseModel.swift in Sources */,
				76F12C8C1D46243000C1E95D /* DriverInfoModel.swift in Sources */,
				76F579BE1D520A26002417EB /* UserAnnotation.swift in Sources */,
				76A2131B1D477EE2006AD36A /* GetOrderResponseModel.swift in Sources */,
				76F7A6271D367EDF00C81B51 /* ApiManager.swift in Sources */,
				76F7A6211D36548300C81B51 /* Tools.swift in Sources */,
				76A2131D1D477F4D006AD36A /* GetOrderModel.swift in Sources */,
				76F44EDF1D41034000CC9D57 /* OrderResponseModel.swift in Sources */,
				76F12C921D464C7C00C1E95D /* DriversListDataModel.swift in Sources */,
				C35433881D1C4B1200DD56B4 /* LoginViewController.swift in Sources */,
				76F44ED91D40FF0000CC9D57 /* OrderModel.swift in Sources */,
				C35433F71D1D6A4100DD56B4 /* SettingsViewController.swift in Sources */,
				76F7A6291D36813500C81B51 /* Constants.swift in Sources */,
			);
			runOnlyForDeploymentPostprocessing = 0;
		};
		C3B24AE71D1C236F00508611 /* Sources */ = {
			isa = PBXSourcesBuildPhase;
			buildActionMask = 2147483647;
			files = (
				C3B24AF01D1C236F00508611 /* SuperTaxiTests.swift in Sources */,
			);
			runOnlyForDeploymentPostprocessing = 0;
		};
		C3B24AF21D1C236F00508611 /* Sources */ = {
			isa = PBXSourcesBuildPhase;
			buildActionMask = 2147483647;
			files = (
				C3B24AFB1D1C236F00508611 /* SuperTaxiUITests.swift in Sources */,
			);
			runOnlyForDeploymentPostprocessing = 0;
		};
/* End PBXSourcesBuildPhase section */

/* Begin PBXTargetDependency section */
		C3B24AED1D1C236F00508611 /* PBXTargetDependency */ = {
			isa = PBXTargetDependency;
			target = C3B24AD61D1C236F00508611 /* SuperTaxi */;
			targetProxy = C3B24AEC1D1C236F00508611 /* PBXContainerItemProxy */;
		};
		C3B24AF81D1C236F00508611 /* PBXTargetDependency */ = {
			isa = PBXTargetDependency;
			target = C3B24AD61D1C236F00508611 /* SuperTaxi */;
			targetProxy = C3B24AF71D1C236F00508611 /* PBXContainerItemProxy */;
		};
/* End PBXTargetDependency section */

/* Begin PBXVariantGroup section */
		76F0CF201D3D1F6C0034AF05 /* Main.storyboard */ = {
			isa = PBXVariantGroup;
			children = (
				76F0CF211D3D1F6C0034AF05 /* Base */,
			);
			name = Main.storyboard;
			sourceTree = "<group>";
		};
		C3B24AE31D1C236F00508611 /* LaunchScreen.storyboard */ = {
			isa = PBXVariantGroup;
			children = (
				C3B24AE41D1C236F00508611 /* Base */,
			);
			name = LaunchScreen.storyboard;
			sourceTree = "<group>";
		};
/* End PBXVariantGroup section */

/* Begin XCBuildConfiguration section */
		C3B24AFD1D1C236F00508611 /* Debug */ = {
			isa = XCBuildConfiguration;
			buildSettings = {
				ALWAYS_SEARCH_USER_PATHS = NO;
				CLANG_ANALYZER_NONNULL = YES;
				CLANG_CXX_LANGUAGE_STANDARD = "gnu++0x";
				CLANG_CXX_LIBRARY = "libc++";
				CLANG_ENABLE_MODULES = YES;
				CLANG_ENABLE_OBJC_ARC = YES;
				CLANG_WARN_BOOL_CONVERSION = YES;
				CLANG_WARN_CONSTANT_CONVERSION = YES;
				CLANG_WARN_DIRECT_OBJC_ISA_USAGE = YES_ERROR;
				CLANG_WARN_EMPTY_BODY = YES;
				CLANG_WARN_ENUM_CONVERSION = YES;
				CLANG_WARN_INT_CONVERSION = YES;
				CLANG_WARN_OBJC_ROOT_CLASS = YES_ERROR;
				CLANG_WARN_UNREACHABLE_CODE = YES;
				CLANG_WARN__DUPLICATE_METHOD_MATCH = YES;
				CODE_SIGN_IDENTITY = "iPhone Developer: Josh Downing (8DU2LUZ23W)";
				"CODE_SIGN_IDENTITY[sdk=iphoneos*]" = "iPhone Developer: Josh Downing (8DU2LUZ23W)";
				COPY_PHASE_STRIP = NO;
				DEBUG_INFORMATION_FORMAT = dwarf;
				ENABLE_STRICT_OBJC_MSGSEND = YES;
				ENABLE_TESTABILITY = YES;
				GCC_C_LANGUAGE_STANDARD = gnu99;
				GCC_DYNAMIC_NO_PIC = NO;
				GCC_NO_COMMON_BLOCKS = YES;
				GCC_OPTIMIZATION_LEVEL = 0;
				GCC_PREPROCESSOR_DEFINITIONS = (
					"DEBUG=1",
					"$(inherited)",
				);
				GCC_WARN_64_TO_32_BIT_CONVERSION = YES;
				GCC_WARN_ABOUT_RETURN_TYPE = YES_ERROR;
				GCC_WARN_UNDECLARED_SELECTOR = YES;
				GCC_WARN_UNINITIALIZED_AUTOS = YES_AGGRESSIVE;
				GCC_WARN_UNUSED_FUNCTION = YES;
				GCC_WARN_UNUSED_VARIABLE = YES;
				IPHONEOS_DEPLOYMENT_TARGET = 8.0;
				MTL_ENABLE_DEBUG_INFO = YES;
				ONLY_ACTIVE_ARCH = YES;
				PROVISIONING_PROFILE = "3a66edce-b693-47e3-8e6d-ea4a7415fafe";
				SDKROOT = iphoneos;
				SWIFT_OPTIMIZATION_LEVEL = "-Onone";
			};
			name = Debug;
		};
		C3B24AFE1D1C236F00508611 /* Release */ = {
			isa = XCBuildConfiguration;
			buildSettings = {
				ALWAYS_SEARCH_USER_PATHS = NO;
				CLANG_ANALYZER_NONNULL = YES;
				CLANG_CXX_LANGUAGE_STANDARD = "gnu++0x";
				CLANG_CXX_LIBRARY = "libc++";
				CLANG_ENABLE_MODULES = YES;
				CLANG_ENABLE_OBJC_ARC = YES;
				CLANG_WARN_BOOL_CONVERSION = YES;
				CLANG_WARN_CONSTANT_CONVERSION = YES;
				CLANG_WARN_DIRECT_OBJC_ISA_USAGE = YES_ERROR;
				CLANG_WARN_EMPTY_BODY = YES;
				CLANG_WARN_ENUM_CONVERSION = YES;
				CLANG_WARN_INT_CONVERSION = YES;
				CLANG_WARN_OBJC_ROOT_CLASS = YES_ERROR;
				CLANG_WARN_UNREACHABLE_CODE = YES;
				CLANG_WARN__DUPLICATE_METHOD_MATCH = YES;
				CODE_SIGN_IDENTITY = "iPhone Developer: Josh Downing (8DU2LUZ23W)";
				"CODE_SIGN_IDENTITY[sdk=iphoneos*]" = "iPhone Developer: Josh Downing (8DU2LUZ23W)";
				COPY_PHASE_STRIP = NO;
				DEBUG_INFORMATION_FORMAT = "dwarf-with-dsym";
				ENABLE_NS_ASSERTIONS = NO;
				ENABLE_STRICT_OBJC_MSGSEND = YES;
				GCC_C_LANGUAGE_STANDARD = gnu99;
				GCC_NO_COMMON_BLOCKS = YES;
				GCC_WARN_64_TO_32_BIT_CONVERSION = YES;
				GCC_WARN_ABOUT_RETURN_TYPE = YES_ERROR;
				GCC_WARN_UNDECLARED_SELECTOR = YES;
				GCC_WARN_UNINITIALIZED_AUTOS = YES_AGGRESSIVE;
				GCC_WARN_UNUSED_FUNCTION = YES;
				GCC_WARN_UNUSED_VARIABLE = YES;
				IPHONEOS_DEPLOYMENT_TARGET = 8.0;
				MTL_ENABLE_DEBUG_INFO = NO;
				PROVISIONING_PROFILE = "3a66edce-b693-47e3-8e6d-ea4a7415fafe";
				SDKROOT = iphoneos;
				VALIDATE_PRODUCT = YES;
			};
			name = Release;
		};
		C3B24B001D1C236F00508611 /* Debug */ = {
			isa = XCBuildConfiguration;
			baseConfigurationReference = 62D185447F57D06489E6BD8C /* Pods-SuperTaxi.debug.xcconfig */;
			buildSettings = {
				ASSETCATALOG_COMPILER_APPICON_NAME = AppIcon;
				CLANG_ENABLE_MODULES = YES;
				CODE_SIGN_IDENTITY = "iPhone Developer: Ivo Peric (PZG7J4XTVX)";
				"CODE_SIGN_IDENTITY[sdk=iphoneos*]" = "iPhone Developer: Ivo Peric (PZG7J4XTVX)";
				FRAMEWORK_SEARCH_PATHS = (
					"$(inherited)",
					"$(PROJECT_DIR)",
				);
				INFOPLIST_FILE = SuperTaxi/Info.plist;
				IPHONEOS_DEPLOYMENT_TARGET = 8.0;
				LD_RUNPATH_SEARCH_PATHS = "$(inherited) @executable_path/Frameworks";
				PRODUCT_BUNDLE_IDENTIFIER = com.cloverstudio.towncars;
				PRODUCT_NAME = "$(TARGET_NAME)";
				PROVISIONING_PROFILE = "b707f962-bfb8-4dff-b518-78ec0495a462";
				SWIFT_OBJC_BRIDGING_HEADER = "SuperTaxi/SuperTaxi-Bridging-Header.h";
				SWIFT_OPTIMIZATION_LEVEL = "-Onone";
			};
			name = Debug;
		};
		C3B24B011D1C236F00508611 /* Release */ = {
			isa = XCBuildConfiguration;
			baseConfigurationReference = 5C72AFE959EEA0F8B239E2AE /* Pods-SuperTaxi.release.xcconfig */;
			buildSettings = {
				ASSETCATALOG_COMPILER_APPICON_NAME = AppIcon;
				CLANG_ENABLE_MODULES = YES;
				CODE_SIGN_IDENTITY = "iPhone Distribution: Studio Djetelina d.o.o.";
				"CODE_SIGN_IDENTITY[sdk=iphoneos*]" = "iPhone Distribution: Studio Djetelina d.o.o.";
				FRAMEWORK_SEARCH_PATHS = (
					"$(inherited)",
					"$(PROJECT_DIR)",
				);
				INFOPLIST_FILE = SuperTaxi/Info.plist;
				IPHONEOS_DEPLOYMENT_TARGET = 8.0;
				LD_RUNPATH_SEARCH_PATHS = "$(inherited) @executable_path/Frameworks";
				PRODUCT_BUNDLE_IDENTIFIER = com.cloverstudio.towncars;
				PRODUCT_NAME = "$(TARGET_NAME)";
				PROVISIONING_PROFILE = "b8f8f0fa-cc2c-4118-9cd8-dd6248249eb6";
				SWIFT_OBJC_BRIDGING_HEADER = "SuperTaxi/SuperTaxi-Bridging-Header.h";
			};
			name = Release;
		};
		C3B24B031D1C236F00508611 /* Debug */ = {
			isa = XCBuildConfiguration;
			baseConfigurationReference = FF1B3B9B52B1615C0C673E64 /* Pods-SuperTaxiTests.debug.xcconfig */;
			buildSettings = {
				BUNDLE_LOADER = "$(TEST_HOST)";
				INFOPLIST_FILE = SuperTaxiTests/Info.plist;
				LD_RUNPATH_SEARCH_PATHS = "$(inherited) @executable_path/Frameworks @loader_path/Frameworks";
				PRODUCT_BUNDLE_IDENTIFIER = mobile.SuperTaxiTests;
				PRODUCT_NAME = "$(TARGET_NAME)";
				TEST_HOST = "$(BUILT_PRODUCTS_DIR)/SuperTaxi.app/SuperTaxi";
			};
			name = Debug;
		};
		C3B24B041D1C236F00508611 /* Release */ = {
			isa = XCBuildConfiguration;
			baseConfigurationReference = 0DA3D5EFE097F90F8F3E688D /* Pods-SuperTaxiTests.release.xcconfig */;
			buildSettings = {
				BUNDLE_LOADER = "$(TEST_HOST)";
				INFOPLIST_FILE = SuperTaxiTests/Info.plist;
				LD_RUNPATH_SEARCH_PATHS = "$(inherited) @executable_path/Frameworks @loader_path/Frameworks";
				PRODUCT_BUNDLE_IDENTIFIER = mobile.SuperTaxiTests;
				PRODUCT_NAME = "$(TARGET_NAME)";
				TEST_HOST = "$(BUILT_PRODUCTS_DIR)/SuperTaxi.app/SuperTaxi";
			};
			name = Release;
		};
		C3B24B061D1C236F00508611 /* Debug */ = {
			isa = XCBuildConfiguration;
			baseConfigurationReference = FEE284D4F299D0E8E44CB379 /* Pods-SuperTaxiUITests.debug.xcconfig */;
			buildSettings = {
				INFOPLIST_FILE = SuperTaxiUITests/Info.plist;
				LD_RUNPATH_SEARCH_PATHS = "$(inherited) @executable_path/Frameworks @loader_path/Frameworks";
				PRODUCT_BUNDLE_IDENTIFIER = mobile.SuperTaxiUITests;
				PRODUCT_NAME = "$(TARGET_NAME)";
				TEST_TARGET_NAME = SuperTaxi;
			};
			name = Debug;
		};
		C3B24B071D1C236F00508611 /* Release */ = {
			isa = XCBuildConfiguration;
			baseConfigurationReference = B4304338D1CE0F72FC2A1EF8 /* Pods-SuperTaxiUITests.release.xcconfig */;
			buildSettings = {
				INFOPLIST_FILE = SuperTaxiUITests/Info.plist;
				LD_RUNPATH_SEARCH_PATHS = "$(inherited) @executable_path/Frameworks @loader_path/Frameworks";
				PRODUCT_BUNDLE_IDENTIFIER = mobile.SuperTaxiUITests;
				PRODUCT_NAME = "$(TARGET_NAME)";
				TEST_TARGET_NAME = SuperTaxi;
			};
			name = Release;
		};
/* End XCBuildConfiguration section */

/* Begin XCConfigurationList section */
		C3B24AD21D1C236F00508611 /* Build configuration list for PBXProject "SuperTaxi" */ = {
			isa = XCConfigurationList;
			buildConfigurations = (
				C3B24AFD1D1C236F00508611 /* Debug */,
				C3B24AFE1D1C236F00508611 /* Release */,
			);
			defaultConfigurationIsVisible = 0;
			defaultConfigurationName = Release;
		};
		C3B24AFF1D1C236F00508611 /* Build configuration list for PBXNativeTarget "SuperTaxi" */ = {
			isa = XCConfigurationList;
			buildConfigurations = (
				C3B24B001D1C236F00508611 /* Debug */,
				C3B24B011D1C236F00508611 /* Release */,
			);
			defaultConfigurationIsVisible = 0;
			defaultConfigurationName = Release;
		};
		C3B24B021D1C236F00508611 /* Build configuration list for PBXNativeTarget "SuperTaxiTests" */ = {
			isa = XCConfigurationList;
			buildConfigurations = (
				C3B24B031D1C236F00508611 /* Debug */,
				C3B24B041D1C236F00508611 /* Release */,
			);
			defaultConfigurationIsVisible = 0;
			defaultConfigurationName = Release;
		};
		C3B24B051D1C236F00508611 /* Build configuration list for PBXNativeTarget "SuperTaxiUITests" */ = {
			isa = XCConfigurationList;
			buildConfigurations = (
				C3B24B061D1C236F00508611 /* Debug */,
				C3B24B071D1C236F00508611 /* Release */,
			);
			defaultConfigurationIsVisible = 0;
			defaultConfigurationName = Release;
		};
/* End XCConfigurationList section */
	};
	rootObject = C3B24ACF1D1C236F00508611 /* Project object */;
}
